
Microsoft Visual Studio Solution File, Format Version 12.00
# Visual Studio Version 17
VisualStudioVersion = 17.7.34031.279
MinimumVisualStudioVersion = 10.0.40219.1
Project("{FAE04EC0-301F-11D3-BF4B-00C04F79EFBC}") = "Iterator", "Iterator.csproj", "{21942576-B135-47F9-9D4F-89BD3B2D1174}"
EndProject
Global
	GlobalSection(SolutionConfigurationPlatforms) = preSolution
		Debug|Any CPU = Debug|Any CPU
		Release|Any CPU = Release|Any CPU
	EndGlobalSection
	GlobalSection(ProjectConfigurationPlatforms) = postSolution
		{21942576-B135-47F9-9D4F-89BD3B2D1174}.Debug|Any CPU.ActiveCfg = Debug|Any CPU
		{21942576-B135-47F9-9D4F-89BD3B2D1174}.Debug|Any CPU.Build.0 = Debug|Any CPU
		{21942576-B135-47F9-9D4F-89BD3B2D1174}.Release|Any CPU.ActiveCfg = Release|Any CPU
		{21942576-B135-47F9-9D4F-89BD3B2D1174}.Release|Any CPU.Build.0 = Release|Any CPU
	EndGlobalSection
	GlobalSection(SolutionProperties) = preSolution
		HideSolutionNode = FALSE
	EndGlobalSection
	GlobalSection(ExtensibilityGlobals) = postSolution
		SolutionGuid = {CF0844E7-F8FD-4215-8B68-ADB3617ED845}
	EndGlobalSection
EndGlobal
