
Microsoft Visual Studio Solution File, Format Version 12.00
# Visual Studio Version 17
VisualStudioVersion = 17.11.35312.102
MinimumVisualStudioVersion = 10.0.40219.1
Project("{FAE04EC0-301F-11D3-BF4B-00C04F79EFBC}") = "Template Method", "Template Method.csproj", "{229C0957-AECB-4ABA-B217-C8F43446EA8D}"
EndProject
Global
	GlobalSection(SolutionConfigurationPlatforms) = preSolution
		Debug|Any CPU = Debug|Any CPU
		Release|Any CPU = Release|Any CPU
	EndGlobalSection
	GlobalSection(ProjectConfigurationPlatforms) = postSolution
		{229C0957-AECB-4ABA-B217-C8F43446EA8D}.Debug|Any CPU.ActiveCfg = Debug|Any CPU
		{229C0957-AECB-4ABA-B217-C8F43446EA8D}.Debug|Any CPU.Build.0 = Debug|Any CPU
		{229C0957-AECB-4ABA-B217-C8F43446EA8D}.Release|Any CPU.ActiveCfg = Release|Any CPU
		{229C0957-AECB-4ABA-B217-C8F43446EA8D}.Release|Any CPU.Build.0 = Release|Any CPU
	EndGlobalSection
	GlobalSection(SolutionProperties) = preSolution
		HideSolutionNode = FALSE
	EndGlobalSection
	GlobalSection(ExtensibilityGlobals) = postSolution
		SolutionGuid = {0798E63A-1B2E-4729-B26D-C23BEA859EAD}
	EndGlobalSection
EndGlobal
