
Microsoft Visual Studio Solution File, Format Version 12.00
# Visual Studio Version 17
VisualStudioVersion = 17.5.002.0
MinimumVisualStudioVersion = 10.0.40219.1
Project("{9A19103F-16F7-4668-BE54-9A1E7A4F7556}") = "TaskManagerApp", "TaskManagerApp\TaskManagerApp.csproj", "{CE9C96AE-83D4-4FBB-9F49-A478B12D0C53}"
EndProject
Global
	GlobalSection(SolutionConfigurationPlatforms) = preSolution
		Debug|Any CPU = Debug|Any CPU
		Release|Any CPU = Release|Any CPU
	EndGlobalSection
	GlobalSection(ProjectConfigurationPlatforms) = postSolution
		{CE9C96AE-83D4-4FBB-9F49-A478B12D0C53}.Debug|Any CPU.ActiveCfg = Debug|Any CPU
		{CE9C96AE-83D4-4FBB-9F49-A478B12D0C53}.Debug|Any CPU.Build.0 = Debug|Any CPU
		{CE9C96AE-83D4-4FBB-9F49-A478B12D0C53}.Release|Any CPU.ActiveCfg = Release|Any CPU
		{CE9C96AE-83D4-4FBB-9F49-A478B12D0C53}.Release|Any CPU.Build.0 = Release|Any CPU
	EndGlobalSection
	GlobalSection(SolutionProperties) = preSolution
		HideSolutionNode = FALSE
	EndGlobalSection
	GlobalSection(ExtensibilityGlobals) = postSolution
		SolutionGuid = {56FF1137-8418-42AA-A2F4-6105E4588881}
	EndGlobalSection
EndGlobal
